{
	"name": "ssg-zero",
	"version": "0.3.0",
	"lockfileVersion": 3,
	"requires": true,
	"packages": {
		"": {
			"name": "ssg-zero",
			"version": "0.3.0",
			"license": "ISC",
			"bin": {
				"ssg-zero": "bin/ssg-zero.js"
			},
			"devDependencies": {
				"@types/eslint": "^8.44.4",
				"@types/node": "^20.8.6",
				"prettier": "^3.0.3",
				"typescript": "^5.2.2"
			},
			"engines": {
				"node": ">=20"
			}
		},
		"node_modules/@types/eslint": {
			"version": "8.44.4",
			"resolved": "https://registry.npmjs.org/@types/eslint/-/eslint-8.44.4.tgz",
			"integrity": "sha512-lOzjyfY/D9QR4hY9oblZ76B90MYTB3RrQ4z2vBIJKj9ROCRqdkYl2gSUx1x1a4IWPjKJZLL4Aw1Zfay7eMnmnA==",
			"dev": true,
			"dependencies": {
				"@types/estree": "*",
				"@types/json-schema": "*"
			}
		},
		"node_modules/@types/estree": {
			"version": "1.0.2",
			"resolved": "https://registry.npmjs.org/@types/estree/-/estree-1.0.2.tgz",
			"integrity": "sha512-VeiPZ9MMwXjO32/Xu7+OwflfmeoRwkE/qzndw42gGtgJwZopBnzy2gD//NN1+go1mADzkDcqf/KnFRSjTJ8xJA==",
			"dev": true
		},
		"node_modules/@types/json-schema": {
			"version": "7.0.13",
			"resolved": "https://registry.npmjs.org/@types/json-schema/-/json-schema-7.0.13.tgz",
			"integrity": "sha512-RbSSoHliUbnXj3ny0CNFOoxrIDV6SUGyStHsvDqosw6CkdPV8TtWGlfecuK4ToyMEAql6pzNxgCFKanovUzlgQ==",
			"dev": true
		},
		"node_modules/@types/node": {
			"version": "20.8.6",
			"resolved": "https://registry.npmjs.org/@types/node/-/node-20.8.6.tgz",
			"integrity": "sha512-eWO4K2Ji70QzKUqRy6oyJWUeB7+g2cRagT3T/nxYibYcT4y2BDL8lqolRXjTHmkZCdJfIPaY73KbJAZmcryxTQ==",
			"dev": true,
			"dependencies": {
				"undici-types": "~5.25.1"
			}
		},
		"node_modules/prettier": {
			"version": "3.0.3",
			"resolved": "https://registry.npmjs.org/prettier/-/prettier-3.0.3.tgz",
			"integrity": "sha512-L/4pUDMxcNa8R/EthV08Zt42WBO4h1rarVtK0K+QJG0X187OLo7l699jWw0GKuwzkPQ//jMFA/8Xm6Fh3J/DAg==",
			"dev": true,
			"bin": {
				"prettier": "bin/prettier.cjs"
			},
			"engines": {
				"node": ">=14"
			},
			"funding": {
				"url": "https://github.com/prettier/prettier?sponsor=1"
			}
		},
		"node_modules/typescript": {
			"version": "5.2.2",
			"resolved": "https://registry.npmjs.org/typescript/-/typescript-5.2.2.tgz",
			"integrity": "sha512-mI4WrpHsbCIcwT9cF4FZvr80QUeKvsUsUvKDoR+X/7XHQH98xYD8YHZg7ANtz2GtZt/CBq2QJ0thkGJMHfqc1w==",
			"dev": true,
			"bin": {
				"tsc": "bin/tsc",
				"tsserver": "bin/tsserver"
			},
			"engines": {
				"node": ">=14.17"
			}
		},
		"node_modules/undici-types": {
			"version": "5.25.3",
			"resolved": "https://registry.npmjs.org/undici-types/-/undici-types-5.25.3.tgz",
			"integrity": "sha512-Ga1jfYwRn7+cP9v8auvEXN1rX3sWqlayd4HP7OKk4mZWylEmu3KzXDUGrQUN6Ol7qo1gPvB2e5gX6udnyEPgdA==",
			"dev": true
		}
	}
}
